
Microsoft Visual Studio Solution File, Format Version 12.00
# Visual Studio Version 17
VisualStudioVersion = 17.1.32421.90
MinimumVisualStudioVersion = 10.0.40219.1
Project("{FAE04EC0-301F-11D3-BF4B-00C04F79EFBC}") = "Launcher", "Launcher\Launcher.csproj", "{3D344A5D-70D3-4D9C-B947-751A90FADF9A}"
EndProject
Project("{FAE04EC0-301F-11D3-BF4B-00C04F79EFBC}") = "LauncherGamePlugin", "LauncherGamePlugin\LauncherGamePlugin.csproj", "{0C2A3D1B-A6B3-4050-9EFF-B86B674DF3EE}"
EndProject
Project("{FAE04EC0-301F-11D3-BF4B-00C04F79EFBC}") = "LocalGames", "LocalGames\LocalGames.csproj", "{D3C76C6E-221E-4FE6-B240-6564080A4F26}"
EndProject
Project("{FAE04EC0-301F-11D3-BF4B-00C04F79EFBC}") = "LegendaryIntegration", "LegendaryIntegration\LegendaryIntegration.csproj", "{DF8D21FB-B41A-48FA-A1F9-33043F4A5A22}"
EndProject
Project("{FAE04EC0-301F-11D3-BF4B-00C04F79EFBC}") = "VDFMapper", "VDFMapper\VDFMapper.csproj", "{D6E5200F-68A3-4383-87AA-AE750330D96D}"
EndProject
Project("{FAE04EC0-301F-11D3-BF4B-00C04F79EFBC}") = "SteamExporterPlugin", "SteamExporterPlugin\SteamExporterPlugin.csproj", "{ECEFC743-223D-4560-AC12-87F6B7B20C82}"
EndProject
Project("{FAE04EC0-301F-11D3-BF4B-00C04F79EFBC}") = "BottlesPlugin", "BottlesPlugin\BottlesPlugin.csproj", "{454AA253-C98E-4770-996A-0C6E24020458}"
EndProject
Project("{FAE04EC0-301F-11D3-BF4B-00C04F79EFBC}") = "ItchIoIntegration", "ItchIoIntegration\ItchIoIntegration.csproj", "{49D417B0-8FD3-4996-B025-8B883E609389}"
EndProject
Project("{FAE04EC0-301F-11D3-BF4B-00C04F79EFBC}") = "GogIntegration", "GogIntegration\GogIntegration.csproj", "{DA24633B-3842-4E68-BEC9-95D30EEEAD6E}"
EndProject
Project("{FAE04EC0-301F-11D3-BF4B-00C04F79EFBC}") = "SteamGridDbMiddleware", "SteamGridDbMiddleware\SteamGridDbMiddleware.csproj", "{49F85A0E-BFC2-4885-A5B4-A8C203D1CCBD}"
EndProject
Global
	GlobalSection(SolutionConfigurationPlatforms) = preSolution
		Debug|Any CPU = Debug|Any CPU
		Release|Any CPU = Release|Any CPU
	EndGlobalSection
	GlobalSection(ProjectConfigurationPlatforms) = postSolution
		{3D344A5D-70D3-4D9C-B947-751A90FADF9A}.Debug|Any CPU.ActiveCfg = Debug|Any CPU
		{3D344A5D-70D3-4D9C-B947-751A90FADF9A}.Debug|Any CPU.Build.0 = Debug|Any CPU
		{3D344A5D-70D3-4D9C-B947-751A90FADF9A}.Release|Any CPU.ActiveCfg = Release|Any CPU
		{3D344A5D-70D3-4D9C-B947-751A90FADF9A}.Release|Any CPU.Build.0 = Release|Any CPU
		{0C2A3D1B-A6B3-4050-9EFF-B86B674DF3EE}.Debug|Any CPU.ActiveCfg = Debug|Any CPU
		{0C2A3D1B-A6B3-4050-9EFF-B86B674DF3EE}.Debug|Any CPU.Build.0 = Debug|Any CPU
		{0C2A3D1B-A6B3-4050-9EFF-B86B674DF3EE}.Release|Any CPU.ActiveCfg = Release|Any CPU
		{0C2A3D1B-A6B3-4050-9EFF-B86B674DF3EE}.Release|Any CPU.Build.0 = Release|Any CPU
		{D3C76C6E-221E-4FE6-B240-6564080A4F26}.Debug|Any CPU.ActiveCfg = Debug|Any CPU
		{D3C76C6E-221E-4FE6-B240-6564080A4F26}.Debug|Any CPU.Build.0 = Debug|Any CPU
		{D3C76C6E-221E-4FE6-B240-6564080A4F26}.Release|Any CPU.ActiveCfg = Release|Any CPU
		{D3C76C6E-221E-4FE6-B240-6564080A4F26}.Release|Any CPU.Build.0 = Release|Any CPU
		{DF8D21FB-B41A-48FA-A1F9-33043F4A5A22}.Debug|Any CPU.ActiveCfg = Debug|Any CPU
		{DF8D21FB-B41A-48FA-A1F9-33043F4A5A22}.Debug|Any CPU.Build.0 = Debug|Any CPU
		{DF8D21FB-B41A-48FA-A1F9-33043F4A5A22}.Release|Any CPU.ActiveCfg = Release|Any CPU
		{DF8D21FB-B41A-48FA-A1F9-33043F4A5A22}.Release|Any CPU.Build.0 = Release|Any CPU
		{D6E5200F-68A3-4383-87AA-AE750330D96D}.Debug|Any CPU.ActiveCfg = Debug|Any CPU
		{D6E5200F-68A3-4383-87AA-AE750330D96D}.Debug|Any CPU.Build.0 = Debug|Any CPU
		{D6E5200F-68A3-4383-87AA-AE750330D96D}.Release|Any CPU.ActiveCfg = Release|Any CPU
		{D6E5200F-68A3-4383-87AA-AE750330D96D}.Release|Any CPU.Build.0 = Release|Any CPU
		{ECEFC743-223D-4560-AC12-87F6B7B20C82}.Debug|Any CPU.ActiveCfg = Debug|Any CPU
		{ECEFC743-223D-4560-AC12-87F6B7B20C82}.Debug|Any CPU.Build.0 = Debug|Any CPU
		{ECEFC743-223D-4560-AC12-87F6B7B20C82}.Release|Any CPU.ActiveCfg = Release|Any CPU
		{ECEFC743-223D-4560-AC12-87F6B7B20C82}.Release|Any CPU.Build.0 = Release|Any CPU
		{454AA253-C98E-4770-996A-0C6E24020458}.Debug|Any CPU.ActiveCfg = Debug|Any CPU
		{454AA253-C98E-4770-996A-0C6E24020458}.Debug|Any CPU.Build.0 = Debug|Any CPU
		{454AA253-C98E-4770-996A-0C6E24020458}.Release|Any CPU.ActiveCfg = Release|Any CPU
		{454AA253-C98E-4770-996A-0C6E24020458}.Release|Any CPU.Build.0 = Release|Any CPU
		{49D417B0-8FD3-4996-B025-8B883E609389}.Debug|Any CPU.ActiveCfg = Debug|Any CPU
		{49D417B0-8FD3-4996-B025-8B883E609389}.Debug|Any CPU.Build.0 = Debug|Any CPU
		{49D417B0-8FD3-4996-B025-8B883E609389}.Release|Any CPU.ActiveCfg = Release|Any CPU
		{49D417B0-8FD3-4996-B025-8B883E609389}.Release|Any CPU.Build.0 = Release|Any CPU
		{DA24633B-3842-4E68-BEC9-95D30EEEAD6E}.Debug|Any CPU.ActiveCfg = Debug|Any CPU
		{DA24633B-3842-4E68-BEC9-95D30EEEAD6E}.Debug|Any CPU.Build.0 = Debug|Any CPU
		{DA24633B-3842-4E68-BEC9-95D30EEEAD6E}.Release|Any CPU.ActiveCfg = Release|Any CPU
		{DA24633B-3842-4E68-BEC9-95D30EEEAD6E}.Release|Any CPU.Build.0 = Release|Any CPU
		{49F85A0E-BFC2-4885-A5B4-A8C203D1CCBD}.Debug|Any CPU.ActiveCfg = Debug|Any CPU
		{49F85A0E-BFC2-4885-A5B4-A8C203D1CCBD}.Debug|Any CPU.Build.0 = Debug|Any CPU
		{49F85A0E-BFC2-4885-A5B4-A8C203D1CCBD}.Release|Any CPU.ActiveCfg = Release|Any CPU
		{49F85A0E-BFC2-4885-A5B4-A8C203D1CCBD}.Release|Any CPU.Build.0 = Release|Any CPU
	EndGlobalSection
	GlobalSection(SolutionProperties) = preSolution
		HideSolutionNode = FALSE
	EndGlobalSection
	GlobalSection(ExtensibilityGlobals) = postSolution
		SolutionGuid = {F3BF4180-CC5B-4CA4-BDF6-BF6798454C8B}
	EndGlobalSection
EndGlobal
